
Microsoft Visual Studio Solution File, Format Version 12.00
# Visual Studio Version 16
VisualStudioVersion = 16.0.30517.126
MinimumVisualStudioVersion = 10.0.40219.1
Project("{9A19103F-16F7-4668-BE54-9A1E7A4F7556}") = "NoteBook.DesktopClient", "NoteBook\NoteBook.DesktopClient.csproj", "{ACE2366F-8740-4DE5-B58E-EC6797836C65}"
EndProject
Project("{FAE04EC0-301F-11D3-BF4B-00C04F79EFBC}") = "NoteBook.WebService", "WebService\NoteBook.WebService.csproj", "{553260DF-AD63-420D-8FE3-5E225153703C}"
EndProject
Project("{FAE04EC0-301F-11D3-BF4B-00C04F79EFBC}") = "NoteBook.DataAccess", "NoteBook.DataAccess\NoteBook.DataAccess.csproj", "{6EAE4B8F-0BD2-4167-A2EB-F0566E2B08E9}"
EndProject
Global
	GlobalSection(SolutionConfigurationPlatforms) = preSolution
		Debug|Any CPU = Debug|Any CPU
		Release|Any CPU = Release|Any CPU
	EndGlobalSection
	GlobalSection(ProjectConfigurationPlatforms) = postSolution
		{ACE2366F-8740-4DE5-B58E-EC6797836C65}.Debug|Any CPU.ActiveCfg = Debug|Any CPU
		{ACE2366F-8740-4DE5-B58E-EC6797836C65}.Debug|Any CPU.Build.0 = Debug|Any CPU
		{ACE2366F-8740-4DE5-B58E-EC6797836C65}.Release|Any CPU.ActiveCfg = Release|Any CPU
		{ACE2366F-8740-4DE5-B58E-EC6797836C65}.Release|Any CPU.Build.0 = Release|Any CPU
		{553260DF-AD63-420D-8FE3-5E225153703C}.Debug|Any CPU.ActiveCfg = Debug|Any CPU
		{553260DF-AD63-420D-8FE3-5E225153703C}.Debug|Any CPU.Build.0 = Debug|Any CPU
		{553260DF-AD63-420D-8FE3-5E225153703C}.Release|Any CPU.ActiveCfg = Release|Any CPU
		{553260DF-AD63-420D-8FE3-5E225153703C}.Release|Any CPU.Build.0 = Release|Any CPU
		{6EAE4B8F-0BD2-4167-A2EB-F0566E2B08E9}.Debug|Any CPU.ActiveCfg = Debug|Any CPU
		{6EAE4B8F-0BD2-4167-A2EB-F0566E2B08E9}.Debug|Any CPU.Build.0 = Debug|Any CPU
		{6EAE4B8F-0BD2-4167-A2EB-F0566E2B08E9}.Release|Any CPU.ActiveCfg = Release|Any CPU
		{6EAE4B8F-0BD2-4167-A2EB-F0566E2B08E9}.Release|Any CPU.Build.0 = Release|Any CPU
	EndGlobalSection
	GlobalSection(SolutionProperties) = preSolution
		HideSolutionNode = FALSE
	EndGlobalSection
	GlobalSection(ExtensibilityGlobals) = postSolution
		SolutionGuid = {B08DF80B-8E74-43FD-8589-43B2C22731EC}
	EndGlobalSection
EndGlobal
